{
  "nodes": {
    "nixpkgs": {
      "locked": {
        "lastModified": 1744662836,
        "narHash": "sha256-VVa93wkzCQ/gGOXxvj5ASaPlu05sz9c3qrcsXYkL/DM=",
        "owner": "NixOS",
        "repo": "nixpkgs",
        "rev": "63d95d78f073559d8372ce27472a89874532f2f5",
        "type": "github"
      },
      "original": {
        "owner": "NixOS",
        "repo": "nixpkgs",
        "type": "github"
      }
    },
    "root": {
      "inputs": {
        "nixpkgs": "nixpkgs"
      }
    }
  },
  "root": "root",
  "version": 7
}
